
Microsoft Visual Studio Solution File, Format Version 12.00
Project("{FAE04EC0-301F-11D3-BF4B-00C04F79EFBC}") = "Properties", "Properties\Properties.csproj", "{C40BD452-6938-49FD-8D8E-675808AB9179}"
EndProject
Project("{FAE04EC0-301F-11D3-BF4B-00C04F79EFBC}") = "Delegates", "Delegates\Delegates.csproj", "{FF9CCAA0-163E-4EA2-9B8F-D09B376F03CC}"
EndProject
Project("{FAE04EC0-301F-11D3-BF4B-00C04F79EFBC}") = "Collections", "Collections\Collections.csproj", "{31504765-C35C-4F2F-ADB8-412659D69C84}"
EndProject
Project("{FAE04EC0-301F-11D3-BF4B-00C04F79EFBC}") = "SortAlgorithms", "SortAlgorithms\SortAlgorithms.csproj", "{3E6D601D-C294-4DB7-8159-5F385E45202C}"
EndProject
Project("{FAE04EC0-301F-11D3-BF4B-00C04F79EFBC}") = "Array2D", "Array2D\Array2D.csproj", "{37F5152E-2327-41A5-B810-E94E78A34243}"
EndProject
Project("{FAE04EC0-301F-11D3-BF4B-00C04F79EFBC}") = "HorseRacing", "HorseRacing\HorseRacing.csproj", "{6FB04D47-8083-4B04-BA50-BB6D6490E057}"
EndProject
Global
	GlobalSection(SolutionConfigurationPlatforms) = preSolution
		Debug|Any CPU = Debug|Any CPU
		Release|Any CPU = Release|Any CPU
	EndGlobalSection
	GlobalSection(ProjectConfigurationPlatforms) = postSolution
		{C40BD452-6938-49FD-8D8E-675808AB9179}.Debug|Any CPU.ActiveCfg = Debug|Any CPU
		{C40BD452-6938-49FD-8D8E-675808AB9179}.Debug|Any CPU.Build.0 = Debug|Any CPU
		{C40BD452-6938-49FD-8D8E-675808AB9179}.Release|Any CPU.ActiveCfg = Release|Any CPU
		{C40BD452-6938-49FD-8D8E-675808AB9179}.Release|Any CPU.Build.0 = Release|Any CPU
		{FF9CCAA0-163E-4EA2-9B8F-D09B376F03CC}.Debug|Any CPU.ActiveCfg = Debug|Any CPU
		{FF9CCAA0-163E-4EA2-9B8F-D09B376F03CC}.Debug|Any CPU.Build.0 = Debug|Any CPU
		{FF9CCAA0-163E-4EA2-9B8F-D09B376F03CC}.Release|Any CPU.ActiveCfg = Release|Any CPU
		{FF9CCAA0-163E-4EA2-9B8F-D09B376F03CC}.Release|Any CPU.Build.0 = Release|Any CPU
		{31504765-C35C-4F2F-ADB8-412659D69C84}.Debug|Any CPU.ActiveCfg = Debug|Any CPU
		{31504765-C35C-4F2F-ADB8-412659D69C84}.Debug|Any CPU.Build.0 = Debug|Any CPU
		{31504765-C35C-4F2F-ADB8-412659D69C84}.Release|Any CPU.ActiveCfg = Release|Any CPU
		{31504765-C35C-4F2F-ADB8-412659D69C84}.Release|Any CPU.Build.0 = Release|Any CPU
		{3E6D601D-C294-4DB7-8159-5F385E45202C}.Debug|Any CPU.ActiveCfg = Debug|Any CPU
		{3E6D601D-C294-4DB7-8159-5F385E45202C}.Debug|Any CPU.Build.0 = Debug|Any CPU
		{3E6D601D-C294-4DB7-8159-5F385E45202C}.Release|Any CPU.ActiveCfg = Release|Any CPU
		{3E6D601D-C294-4DB7-8159-5F385E45202C}.Release|Any CPU.Build.0 = Release|Any CPU
		{37F5152E-2327-41A5-B810-E94E78A34243}.Debug|Any CPU.ActiveCfg = Debug|Any CPU
		{37F5152E-2327-41A5-B810-E94E78A34243}.Debug|Any CPU.Build.0 = Debug|Any CPU
		{37F5152E-2327-41A5-B810-E94E78A34243}.Release|Any CPU.ActiveCfg = Release|Any CPU
		{37F5152E-2327-41A5-B810-E94E78A34243}.Release|Any CPU.Build.0 = Release|Any CPU
		{6FB04D47-8083-4B04-BA50-BB6D6490E057}.Debug|Any CPU.ActiveCfg = Debug|Any CPU
		{6FB04D47-8083-4B04-BA50-BB6D6490E057}.Debug|Any CPU.Build.0 = Debug|Any CPU
		{6FB04D47-8083-4B04-BA50-BB6D6490E057}.Release|Any CPU.ActiveCfg = Release|Any CPU
		{6FB04D47-8083-4B04-BA50-BB6D6490E057}.Release|Any CPU.Build.0 = Release|Any CPU
	EndGlobalSection
EndGlobal
